
Microsoft Visual Studio Solution File, Format Version 12.00
# Visual Studio Version 17
VisualStudioVersion = 17.8.34511.84
MinimumVisualStudioVersion = 10.0.40219.1
Project("{9A19103F-16F7-4668-BE54-9A1E7A4F7556}") = "LibManagement", "LibManagement\LibManagement.csproj", "{DEE7CED5-7DF9-4CF6-9EFF-B6C8E32F9FB9}"
EndProject
Global
	GlobalSection(SolutionConfigurationPlatforms) = preSolution
		Debug|Any CPU = Debug|Any CPU
		Release|Any CPU = Release|Any CPU
	EndGlobalSection
	GlobalSection(ProjectConfigurationPlatforms) = postSolution
		{DEE7CED5-7DF9-4CF6-9EFF-B6C8E32F9FB9}.Debug|Any CPU.ActiveCfg = Debug|Any CPU
		{DEE7CED5-7DF9-4CF6-9EFF-B6C8E32F9FB9}.Debug|Any CPU.Build.0 = Debug|Any CPU
		{DEE7CED5-7DF9-4CF6-9EFF-B6C8E32F9FB9}.Release|Any CPU.ActiveCfg = Release|Any CPU
		{DEE7CED5-7DF9-4CF6-9EFF-B6C8E32F9FB9}.Release|Any CPU.Build.0 = Release|Any CPU
	EndGlobalSection
	GlobalSection(SolutionProperties) = preSolution
		HideSolutionNode = FALSE
	EndGlobalSection
	GlobalSection(ExtensibilityGlobals) = postSolution
		SolutionGuid = {BDA98A05-3344-4CA3-9071-5559D99519A9}
	EndGlobalSection
EndGlobal
